
Microsoft Visual Studio Solution File, Format Version 12.00
# Visual Studio Version 16
VisualStudioVersion = 16.0.28803.202
MinimumVisualStudioVersion = 10.0.40219.1
Project("{8BC9CEB8-8B4A-11D0-8D11-00A0C91BC942}") = "SDLProject", "SDLProject.vcxproj", "{368BEBC7-B997-4DBA-9EAD-0C1BB943CE91}"
EndProject
Global
	GlobalSection(SolutionConfigurationPlatforms) = preSolution
		Debug|x64 = Debug|x64
		Debug|x86 = Debug|x86
		Release|x64 = Release|x64
		Release|x86 = Release|x86
	EndGlobalSection
	GlobalSection(ProjectConfigurationPlatforms) = postSolution
		{368BEBC7-B997-4DBA-9EAD-0C1BB943CE91}.Debug|x64.ActiveCfg = Debug|x64
		{368BEBC7-B997-4DBA-9EAD-0C1BB943CE91}.Debug|x64.Build.0 = Debug|x64
		{368BEBC7-B997-4DBA-9EAD-0C1BB943CE91}.Debug|x86.ActiveCfg = Debug|Win32
		{368BEBC7-B997-4DBA-9EAD-0C1BB943CE91}.Debug|x86.Build.0 = Debug|Win32
		{368BEBC7-B997-4DBA-9EAD-0C1BB943CE91}.Release|x64.ActiveCfg = Release|x64
		{368BEBC7-B997-4DBA-9EAD-0C1BB943CE91}.Release|x64.Build.0 = Release|x64
		{368BEBC7-B997-4DBA-9EAD-0C1BB943CE91}.Release|x86.ActiveCfg = Release|Win32
		{368BEBC7-B997-4DBA-9EAD-0C1BB943CE91}.Release|x86.Build.0 = Release|Win32
	EndGlobalSection
	GlobalSection(SolutionProperties) = preSolution
		HideSolutionNode = FALSE
	EndGlobalSection
	GlobalSection(ExtensibilityGlobals) = postSolution
		SolutionGuid = {9AF11F63-C9BC-40A6-8461-66BEE1CD3144}
	EndGlobalSection
EndGlobal
